
Microsoft Visual Studio Solution File, Format Version 12.00
# Visual Studio 15
VisualStudioVersion = 15.0.28010.2019
MinimumVisualStudioVersion = 10.0.40219.1
Project("{9A19103F-16F7-4668-BE54-9A1E7A4F7556}") = "Library", "src\Library.csproj", "{DCD0D22C-8CA8-44D2-A099-B0AE87B994C2}"
EndProject
Project("{2150E333-8FDC-42A3-9474-1A3956D46DE8}") = "tests", "tests", "{DA2286F0-2C86-451B-8B3B-9A8206E4B2B1}"
EndProject
Project("{9A19103F-16F7-4668-BE54-9A1E7A4F7556}") = "Integration", "tests\Integration\Integration.csproj", "{152D15AE-8965-4D62-998E-A72D7BAEB20F}"
EndProject
Project("{9A19103F-16F7-4668-BE54-9A1E7A4F7556}") = "Regression", "tests\Regression\Regression.csproj", "{EF9C059B-9225-4892-8121-D2E3472C6431}"
EndProject
Project("{9A19103F-16F7-4668-BE54-9A1E7A4F7556}") = "Unit", "tests\Unit\Unit.csproj", "{1C8B51E8-B811-434E-8763-EF7273E86135}"
EndProject
Project("{2150E333-8FDC-42A3-9474-1A3956D46DE8}") = "samples", "samples", "{023F1EE2-8DEC-4C01-922D-78631006C1C3}"
EndProject
Project("{FAE04EC0-301F-11D3-BF4B-00C04F79EFBC}") = "ConsoleApp", "samples\ConsoleApp\ConsoleApp.csproj", "{8BE66106-7DAC-4E5F-92ED-E1F770AA6981}"
EndProject
Global
	GlobalSection(SolutionConfigurationPlatforms) = preSolution
		Ad-Hoc|Any CPU = Ad-Hoc|Any CPU
		Ad-Hoc|ARM = Ad-Hoc|ARM
		Ad-Hoc|iPhone = Ad-Hoc|iPhone
		Ad-Hoc|iPhoneSimulator = Ad-Hoc|iPhoneSimulator
		Ad-Hoc|x64 = Ad-Hoc|x64
		Ad-Hoc|x86 = Ad-Hoc|x86
		AppStore|Any CPU = AppStore|Any CPU
		AppStore|ARM = AppStore|ARM
		AppStore|iPhone = AppStore|iPhone
		AppStore|iPhoneSimulator = AppStore|iPhoneSimulator
		AppStore|x64 = AppStore|x64
		AppStore|x86 = AppStore|x86
		Debug|Any CPU = Debug|Any CPU
		Debug|ARM = Debug|ARM
		Debug|iPhone = Debug|iPhone
		Debug|iPhoneSimulator = Debug|iPhoneSimulator
		Debug|x64 = Debug|x64
		Debug|x86 = Debug|x86
		Release|Any CPU = Release|Any CPU
		Release|ARM = Release|ARM
		Release|iPhone = Release|iPhone
		Release|iPhoneSimulator = Release|iPhoneSimulator
		Release|x64 = Release|x64
		Release|x86 = Release|x86
	EndGlobalSection
	GlobalSection(ProjectConfigurationPlatforms) = postSolution
		{DCD0D22C-8CA8-44D2-A099-B0AE87B994C2}.Ad-Hoc|Any CPU.ActiveCfg = Debug|Any CPU
		{DCD0D22C-8CA8-44D2-A099-B0AE87B994C2}.Ad-Hoc|Any CPU.Build.0 = Debug|Any CPU
		{DCD0D22C-8CA8-44D2-A099-B0AE87B994C2}.Ad-Hoc|Any CPU.Deploy.0 = Debug|Any CPU
		{DCD0D22C-8CA8-44D2-A099-B0AE87B994C2}.Ad-Hoc|ARM.ActiveCfg = Debug|Any CPU
		{DCD0D22C-8CA8-44D2-A099-B0AE87B994C2}.Ad-Hoc|ARM.Build.0 = Debug|Any CPU
		{DCD0D22C-8CA8-44D2-A099-B0AE87B994C2}.Ad-Hoc|ARM.Deploy.0 = Debug|Any CPU
		{DCD0D22C-8CA8-44D2-A099-B0AE87B994C2}.Ad-Hoc|iPhone.ActiveCfg = Debug|Any CPU
		{DCD0D22C-8CA8-44D2-A099-B0AE87B994C2}.Ad-Hoc|iPhone.Build.0 = Debug|Any CPU
		{DCD0D22C-8CA8-44D2-A099-B0AE87B994C2}.Ad-Hoc|iPhone.Deploy.0 = Debug|Any CPU
		{DCD0D22C-8CA8-44D2-A099-B0AE87B994C2}.Ad-Hoc|iPhoneSimulator.ActiveCfg = Debug|Any CPU
		{DCD0D22C-8CA8-44D2-A099-B0AE87B994C2}.Ad-Hoc|iPhoneSimulator.Build.0 = Debug|Any CPU
		{DCD0D22C-8CA8-44D2-A099-B0AE87B994C2}.Ad-Hoc|iPhoneSimulator.Deploy.0 = Debug|Any CPU
		{DCD0D22C-8CA8-44D2-A099-B0AE87B994C2}.Ad-Hoc|x64.ActiveCfg = Debug|Any CPU
		{DCD0D22C-8CA8-44D2-A099-B0AE87B994C2}.Ad-Hoc|x64.Build.0 = Debug|Any CPU
		{DCD0D22C-8CA8-44D2-A099-B0AE87B994C2}.Ad-Hoc|x64.Deploy.0 = Debug|Any CPU
		{DCD0D22C-8CA8-44D2-A099-B0AE87B994C2}.Ad-Hoc|x86.ActiveCfg = Debug|Any CPU
		{DCD0D22C-8CA8-44D2-A099-B0AE87B994C2}.Ad-Hoc|x86.Build.0 = Debug|Any CPU
		{DCD0D22C-8CA8-44D2-A099-B0AE87B994C2}.Ad-Hoc|x86.Deploy.0 = Debug|Any CPU
		{DCD0D22C-8CA8-44D2-A099-B0AE87B994C2}.AppStore|Any CPU.ActiveCfg = Debug|Any CPU
		{DCD0D22C-8CA8-44D2-A099-B0AE87B994C2}.AppStore|Any CPU.Build.0 = Debug|Any CPU
		{DCD0D22C-8CA8-44D2-A099-B0AE87B994C2}.AppStore|Any CPU.Deploy.0 = Debug|Any CPU
		{DCD0D22C-8CA8-44D2-A099-B0AE87B994C2}.AppStore|ARM.ActiveCfg = Debug|Any CPU
		{DCD0D22C-8CA8-44D2-A099-B0AE87B994C2}.AppStore|ARM.Build.0 = Debug|Any CPU
		{DCD0D22C-8CA8-44D2-A099-B0AE87B994C2}.AppStore|ARM.Deploy.0 = Debug|Any CPU
		{DCD0D22C-8CA8-44D2-A099-B0AE87B994C2}.AppStore|iPhone.ActiveCfg = Debug|Any CPU
		{DCD0D22C-8CA8-44D2-A099-B0AE87B994C2}.AppStore|iPhone.Build.0 = Debug|Any CPU
		{DCD0D22C-8CA8-44D2-A099-B0AE87B994C2}.AppStore|iPhone.Deploy.0 = Debug|Any CPU
		{DCD0D22C-8CA8-44D2-A099-B0AE87B994C2}.AppStore|iPhoneSimulator.ActiveCfg = Debug|Any CPU
		{DCD0D22C-8CA8-44D2-A099-B0AE87B994C2}.AppStore|iPhoneSimulator.Build.0 = Debug|Any CPU
		{DCD0D22C-8CA8-44D2-A099-B0AE87B994C2}.AppStore|iPhoneSimulator.Deploy.0 = Debug|Any CPU
		{DCD0D22C-8CA8-44D2-A099-B0AE87B994C2}.AppStore|x64.ActiveCfg = Debug|Any CPU
		{DCD0D22C-8CA8-44D2-A099-B0AE87B994C2}.AppStore|x64.Build.0 = Debug|Any CPU
		{DCD0D22C-8CA8-44D2-A099-B0AE87B994C2}.AppStore|x64.Deploy.0 = Debug|Any CPU
		{DCD0D22C-8CA8-44D2-A099-B0AE87B994C2}.AppStore|x86.ActiveCfg = Debug|Any CPU
		{DCD0D22C-8CA8-44D2-A099-B0AE87B994C2}.AppStore|x86.Build.0 = Debug|Any CPU
		{DCD0D22C-8CA8-44D2-A099-B0AE87B994C2}.AppStore|x86.Deploy.0 = Debug|Any CPU
		{DCD0D22C-8CA8-44D2-A099-B0AE87B994C2}.Debug|Any CPU.ActiveCfg = Debug|Any CPU
		{DCD0D22C-8CA8-44D2-A099-B0AE87B994C2}.Debug|Any CPU.Build.0 = Debug|Any CPU
		{DCD0D22C-8CA8-44D2-A099-B0AE87B994C2}.Debug|Any CPU.Deploy.0 = Debug|Any CPU
		{DCD0D22C-8CA8-44D2-A099-B0AE87B994C2}.Debug|ARM.ActiveCfg = Debug|Any CPU
		{DCD0D22C-8CA8-44D2-A099-B0AE87B994C2}.Debug|ARM.Build.0 = Debug|Any CPU
		{DCD0D22C-8CA8-44D2-A099-B0AE87B994C2}.Debug|ARM.Deploy.0 = Debug|Any CPU
		{DCD0D22C-8CA8-44D2-A099-B0AE87B994C2}.Debug|iPhone.ActiveCfg = Debug|Any CPU
		{DCD0D22C-8CA8-44D2-A099-B0AE87B994C2}.Debug|iPhone.Build.0 = Debug|Any CPU
		{DCD0D22C-8CA8-44D2-A099-B0AE87B994C2}.Debug|iPhone.Deploy.0 = Debug|Any CPU
		{DCD0D22C-8CA8-44D2-A099-B0AE87B994C2}.Debug|iPhoneSimulator.ActiveCfg = Debug|Any CPU
		{DCD0D22C-8CA8-44D2-A099-B0AE87B994C2}.Debug|iPhoneSimulator.Build.0 = Debug|Any CPU
		{DCD0D22C-8CA8-44D2-A099-B0AE87B994C2}.Debug|iPhoneSimulator.Deploy.0 = Debug|Any CPU
		{DCD0D22C-8CA8-44D2-A099-B0AE87B994C2}.Debug|x64.ActiveCfg = Debug|Any CPU
		{DCD0D22C-8CA8-44D2-A099-B0AE87B994C2}.Debug|x64.Build.0 = Debug|Any CPU
		{DCD0D22C-8CA8-44D2-A099-B0AE87B994C2}.Debug|x64.Deploy.0 = Debug|Any CPU
		{DCD0D22C-8CA8-44D2-A099-B0AE87B994C2}.Debug|x86.ActiveCfg = Debug|Any CPU
		{DCD0D22C-8CA8-44D2-A099-B0AE87B994C2}.Debug|x86.Build.0 = Debug|Any CPU
		{DCD0D22C-8CA8-44D2-A099-B0AE87B994C2}.Debug|x86.Deploy.0 = Debug|Any CPU
		{DCD0D22C-8CA8-44D2-A099-B0AE87B994C2}.Release|Any CPU.ActiveCfg = Release|Any CPU
		{DCD0D22C-8CA8-44D2-A099-B0AE87B994C2}.Release|Any CPU.Build.0 = Release|Any CPU
		{DCD0D22C-8CA8-44D2-A099-B0AE87B994C2}.Release|Any CPU.Deploy.0 = Release|Any CPU
		{DCD0D22C-8CA8-44D2-A099-B0AE87B994C2}.Release|ARM.ActiveCfg = Release|Any CPU
		{DCD0D22C-8CA8-44D2-A099-B0AE87B994C2}.Release|ARM.Build.0 = Release|Any CPU
		{DCD0D22C-8CA8-44D2-A099-B0AE87B994C2}.Release|ARM.Deploy.0 = Release|Any CPU
		{DCD0D22C-8CA8-44D2-A099-B0AE87B994C2}.Release|iPhone.ActiveCfg = Release|Any CPU
		{DCD0D22C-8CA8-44D2-A099-B0AE87B994C2}.Release|iPhone.Build.0 = Release|Any CPU
		{DCD0D22C-8CA8-44D2-A099-B0AE87B994C2}.Release|iPhone.Deploy.0 = Release|Any CPU
		{DCD0D22C-8CA8-44D2-A099-B0AE87B994C2}.Release|iPhoneSimulator.ActiveCfg = Release|Any CPU
		{DCD0D22C-8CA8-44D2-A099-B0AE87B994C2}.Release|iPhoneSimulator.Build.0 = Release|Any CPU
		{DCD0D22C-8CA8-44D2-A099-B0AE87B994C2}.Release|iPhoneSimulator.Deploy.0 = Release|Any CPU
		{DCD0D22C-8CA8-44D2-A099-B0AE87B994C2}.Release|x64.ActiveCfg = Release|Any CPU
		{DCD0D22C-8CA8-44D2-A099-B0AE87B994C2}.Release|x64.Build.0 = Release|Any CPU
		{DCD0D22C-8CA8-44D2-A099-B0AE87B994C2}.Release|x64.Deploy.0 = Release|Any CPU
		{DCD0D22C-8CA8-44D2-A099-B0AE87B994C2}.Release|x86.ActiveCfg = Release|Any CPU
		{DCD0D22C-8CA8-44D2-A099-B0AE87B994C2}.Release|x86.Build.0 = Release|Any CPU
		{DCD0D22C-8CA8-44D2-A099-B0AE87B994C2}.Release|x86.Deploy.0 = Release|Any CPU
		{152D15AE-8965-4D62-998E-A72D7BAEB20F}.Ad-Hoc|Any CPU.ActiveCfg = Debug|Any CPU
		{152D15AE-8965-4D62-998E-A72D7BAEB20F}.Ad-Hoc|Any CPU.Build.0 = Debug|Any CPU
		{152D15AE-8965-4D62-998E-A72D7BAEB20F}.Ad-Hoc|ARM.ActiveCfg = Debug|Any CPU
		{152D15AE-8965-4D62-998E-A72D7BAEB20F}.Ad-Hoc|ARM.Build.0 = Debug|Any CPU
		{152D15AE-8965-4D62-998E-A72D7BAEB20F}.Ad-Hoc|iPhone.ActiveCfg = Debug|Any CPU
		{152D15AE-8965-4D62-998E-A72D7BAEB20F}.Ad-Hoc|iPhone.Build.0 = Debug|Any CPU
		{152D15AE-8965-4D62-998E-A72D7BAEB20F}.Ad-Hoc|iPhoneSimulator.ActiveCfg = Debug|Any CPU
		{152D15AE-8965-4D62-998E-A72D7BAEB20F}.Ad-Hoc|iPhoneSimulator.Build.0 = Debug|Any CPU
		{152D15AE-8965-4D62-998E-A72D7BAEB20F}.Ad-Hoc|x64.ActiveCfg = Debug|Any CPU
		{152D15AE-8965-4D62-998E-A72D7BAEB20F}.Ad-Hoc|x64.Build.0 = Debug|Any CPU
		{152D15AE-8965-4D62-998E-A72D7BAEB20F}.Ad-Hoc|x86.ActiveCfg = Debug|Any CPU
		{152D15AE-8965-4D62-998E-A72D7BAEB20F}.Ad-Hoc|x86.Build.0 = Debug|Any CPU
		{152D15AE-8965-4D62-998E-A72D7BAEB20F}.AppStore|Any CPU.ActiveCfg = Debug|Any CPU
		{152D15AE-8965-4D62-998E-A72D7BAEB20F}.AppStore|Any CPU.Build.0 = Debug|Any CPU
		{152D15AE-8965-4D62-998E-A72D7BAEB20F}.AppStore|ARM.ActiveCfg = Debug|Any CPU
		{152D15AE-8965-4D62-998E-A72D7BAEB20F}.AppStore|ARM.Build.0 = Debug|Any CPU
		{152D15AE-8965-4D62-998E-A72D7BAEB20F}.AppStore|iPhone.ActiveCfg = Debug|Any CPU
		{152D15AE-8965-4D62-998E-A72D7BAEB20F}.AppStore|iPhone.Build.0 = Debug|Any CPU
		{152D15AE-8965-4D62-998E-A72D7BAEB20F}.AppStore|iPhoneSimulator.ActiveCfg = Debug|Any CPU
		{152D15AE-8965-4D62-998E-A72D7BAEB20F}.AppStore|iPhoneSimulator.Build.0 = Debug|Any CPU
		{152D15AE-8965-4D62-998E-A72D7BAEB20F}.AppStore|x64.ActiveCfg = Debug|Any CPU
		{152D15AE-8965-4D62-998E-A72D7BAEB20F}.AppStore|x64.Build.0 = Debug|Any CPU
		{152D15AE-8965-4D62-998E-A72D7BAEB20F}.AppStore|x86.ActiveCfg = Debug|Any CPU
		{152D15AE-8965-4D62-998E-A72D7BAEB20F}.AppStore|x86.Build.0 = Debug|Any CPU
		{152D15AE-8965-4D62-998E-A72D7BAEB20F}.Debug|Any CPU.ActiveCfg = Debug|Any CPU
		{152D15AE-8965-4D62-998E-A72D7BAEB20F}.Debug|Any CPU.Build.0 = Debug|Any CPU
		{152D15AE-8965-4D62-998E-A72D7BAEB20F}.Debug|ARM.ActiveCfg = Debug|Any CPU
		{152D15AE-8965-4D62-998E-A72D7BAEB20F}.Debug|ARM.Build.0 = Debug|Any CPU
		{152D15AE-8965-4D62-998E-A72D7BAEB20F}.Debug|iPhone.ActiveCfg = Debug|Any CPU
		{152D15AE-8965-4D62-998E-A72D7BAEB20F}.Debug|iPhone.Build.0 = Debug|Any CPU
		{152D15AE-8965-4D62-998E-A72D7BAEB20F}.Debug|iPhoneSimulator.ActiveCfg = Debug|Any CPU
		{152D15AE-8965-4D62-998E-A72D7BAEB20F}.Debug|iPhoneSimulator.Build.0 = Debug|Any CPU
		{152D15AE-8965-4D62-998E-A72D7BAEB20F}.Debug|x64.ActiveCfg = Debug|Any CPU
		{152D15AE-8965-4D62-998E-A72D7BAEB20F}.Debug|x64.Build.0 = Debug|Any CPU
		{152D15AE-8965-4D62-998E-A72D7BAEB20F}.Debug|x86.ActiveCfg = Debug|Any CPU
		{152D15AE-8965-4D62-998E-A72D7BAEB20F}.Debug|x86.Build.0 = Debug|Any CPU
		{152D15AE-8965-4D62-998E-A72D7BAEB20F}.Release|Any CPU.ActiveCfg = Release|Any CPU
		{152D15AE-8965-4D62-998E-A72D7BAEB20F}.Release|Any CPU.Build.0 = Release|Any CPU
		{152D15AE-8965-4D62-998E-A72D7BAEB20F}.Release|ARM.ActiveCfg = Release|Any CPU
		{152D15AE-8965-4D62-998E-A72D7BAEB20F}.Release|ARM.Build.0 = Release|Any CPU
		{152D15AE-8965-4D62-998E-A72D7BAEB20F}.Release|iPhone.ActiveCfg = Release|Any CPU
		{152D15AE-8965-4D62-998E-A72D7BAEB20F}.Release|iPhone.Build.0 = Release|Any CPU
		{152D15AE-8965-4D62-998E-A72D7BAEB20F}.Release|iPhoneSimulator.ActiveCfg = Release|Any CPU
		{152D15AE-8965-4D62-998E-A72D7BAEB20F}.Release|iPhoneSimulator.Build.0 = Release|Any CPU
		{152D15AE-8965-4D62-998E-A72D7BAEB20F}.Release|x64.ActiveCfg = Release|Any CPU
		{152D15AE-8965-4D62-998E-A72D7BAEB20F}.Release|x64.Build.0 = Release|Any CPU
		{152D15AE-8965-4D62-998E-A72D7BAEB20F}.Release|x86.ActiveCfg = Release|Any CPU
		{152D15AE-8965-4D62-998E-A72D7BAEB20F}.Release|x86.Build.0 = Release|Any CPU
		{EF9C059B-9225-4892-8121-D2E3472C6431}.Ad-Hoc|Any CPU.ActiveCfg = Debug|Any CPU
		{EF9C059B-9225-4892-8121-D2E3472C6431}.Ad-Hoc|Any CPU.Build.0 = Debug|Any CPU
		{EF9C059B-9225-4892-8121-D2E3472C6431}.Ad-Hoc|ARM.ActiveCfg = Debug|Any CPU
		{EF9C059B-9225-4892-8121-D2E3472C6431}.Ad-Hoc|ARM.Build.0 = Debug|Any CPU
		{EF9C059B-9225-4892-8121-D2E3472C6431}.Ad-Hoc|iPhone.ActiveCfg = Debug|Any CPU
		{EF9C059B-9225-4892-8121-D2E3472C6431}.Ad-Hoc|iPhone.Build.0 = Debug|Any CPU
		{EF9C059B-9225-4892-8121-D2E3472C6431}.Ad-Hoc|iPhoneSimulator.ActiveCfg = Debug|Any CPU
		{EF9C059B-9225-4892-8121-D2E3472C6431}.Ad-Hoc|iPhoneSimulator.Build.0 = Debug|Any CPU
		{EF9C059B-9225-4892-8121-D2E3472C6431}.Ad-Hoc|x64.ActiveCfg = Debug|Any CPU
		{EF9C059B-9225-4892-8121-D2E3472C6431}.Ad-Hoc|x64.Build.0 = Debug|Any CPU
		{EF9C059B-9225-4892-8121-D2E3472C6431}.Ad-Hoc|x86.ActiveCfg = Debug|Any CPU
		{EF9C059B-9225-4892-8121-D2E3472C6431}.Ad-Hoc|x86.Build.0 = Debug|Any CPU
		{EF9C059B-9225-4892-8121-D2E3472C6431}.AppStore|Any CPU.ActiveCfg = Debug|Any CPU
		{EF9C059B-9225-4892-8121-D2E3472C6431}.AppStore|Any CPU.Build.0 = Debug|Any CPU
		{EF9C059B-9225-4892-8121-D2E3472C6431}.AppStore|ARM.ActiveCfg = Debug|Any CPU
		{EF9C059B-9225-4892-8121-D2E3472C6431}.AppStore|ARM.Build.0 = Debug|Any CPU
		{EF9C059B-9225-4892-8121-D2E3472C6431}.AppStore|iPhone.ActiveCfg = Debug|Any CPU
		{EF9C059B-9225-4892-8121-D2E3472C6431}.AppStore|iPhone.Build.0 = Debug|Any CPU
		{EF9C059B-9225-4892-8121-D2E3472C6431}.AppStore|iPhoneSimulator.ActiveCfg = Debug|Any CPU
		{EF9C059B-9225-4892-8121-D2E3472C6431}.AppStore|iPhoneSimulator.Build.0 = Debug|Any CPU
		{EF9C059B-9225-4892-8121-D2E3472C6431}.AppStore|x64.ActiveCfg = Debug|Any CPU
		{EF9C059B-9225-4892-8121-D2E3472C6431}.AppStore|x64.Build.0 = Debug|Any CPU
		{EF9C059B-9225-4892-8121-D2E3472C6431}.AppStore|x86.ActiveCfg = Debug|Any CPU
		{EF9C059B-9225-4892-8121-D2E3472C6431}.AppStore|x86.Build.0 = Debug|Any CPU
		{EF9C059B-9225-4892-8121-D2E3472C6431}.Debug|Any CPU.ActiveCfg = Debug|Any CPU
		{EF9C059B-9225-4892-8121-D2E3472C6431}.Debug|Any CPU.Build.0 = Debug|Any CPU
		{EF9C059B-9225-4892-8121-D2E3472C6431}.Debug|ARM.ActiveCfg = Debug|Any CPU
		{EF9C059B-9225-4892-8121-D2E3472C6431}.Debug|ARM.Build.0 = Debug|Any CPU
		{EF9C059B-9225-4892-8121-D2E3472C6431}.Debug|iPhone.ActiveCfg = Debug|Any CPU
		{EF9C059B-9225-4892-8121-D2E3472C6431}.Debug|iPhone.Build.0 = Debug|Any CPU
		{EF9C059B-9225-4892-8121-D2E3472C6431}.Debug|iPhoneSimulator.ActiveCfg = Debug|Any CPU
		{EF9C059B-9225-4892-8121-D2E3472C6431}.Debug|iPhoneSimulator.Build.0 = Debug|Any CPU
		{EF9C059B-9225-4892-8121-D2E3472C6431}.Debug|x64.ActiveCfg = Debug|Any CPU
		{EF9C059B-9225-4892-8121-D2E3472C6431}.Debug|x64.Build.0 = Debug|Any CPU
		{EF9C059B-9225-4892-8121-D2E3472C6431}.Debug|x86.ActiveCfg = Debug|Any CPU
		{EF9C059B-9225-4892-8121-D2E3472C6431}.Debug|x86.Build.0 = Debug|Any CPU
		{EF9C059B-9225-4892-8121-D2E3472C6431}.Release|Any CPU.ActiveCfg = Release|Any CPU
		{EF9C059B-9225-4892-8121-D2E3472C6431}.Release|Any CPU.Build.0 = Release|Any CPU
		{EF9C059B-9225-4892-8121-D2E3472C6431}.Release|ARM.ActiveCfg = Release|Any CPU
		{EF9C059B-9225-4892-8121-D2E3472C6431}.Release|ARM.Build.0 = Release|Any CPU
		{EF9C059B-9225-4892-8121-D2E3472C6431}.Release|iPhone.ActiveCfg = Release|Any CPU
		{EF9C059B-9225-4892-8121-D2E3472C6431}.Release|iPhone.Build.0 = Release|Any CPU
		{EF9C059B-9225-4892-8121-D2E3472C6431}.Release|iPhoneSimulator.ActiveCfg = Release|Any CPU
		{EF9C059B-9225-4892-8121-D2E3472C6431}.Release|iPhoneSimulator.Build.0 = Release|Any CPU
		{EF9C059B-9225-4892-8121-D2E3472C6431}.Release|x64.ActiveCfg = Release|Any CPU
		{EF9C059B-9225-4892-8121-D2E3472C6431}.Release|x64.Build.0 = Release|Any CPU
		{EF9C059B-9225-4892-8121-D2E3472C6431}.Release|x86.ActiveCfg = Release|Any CPU
		{EF9C059B-9225-4892-8121-D2E3472C6431}.Release|x86.Build.0 = Release|Any CPU
		{1C8B51E8-B811-434E-8763-EF7273E86135}.Ad-Hoc|Any CPU.ActiveCfg = Debug|Any CPU
		{1C8B51E8-B811-434E-8763-EF7273E86135}.Ad-Hoc|Any CPU.Build.0 = Debug|Any CPU
		{1C8B51E8-B811-434E-8763-EF7273E86135}.Ad-Hoc|ARM.ActiveCfg = Debug|Any CPU
		{1C8B51E8-B811-434E-8763-EF7273E86135}.Ad-Hoc|ARM.Build.0 = Debug|Any CPU
		{1C8B51E8-B811-434E-8763-EF7273E86135}.Ad-Hoc|iPhone.ActiveCfg = Debug|Any CPU
		{1C8B51E8-B811-434E-8763-EF7273E86135}.Ad-Hoc|iPhone.Build.0 = Debug|Any CPU
		{1C8B51E8-B811-434E-8763-EF7273E86135}.Ad-Hoc|iPhoneSimulator.ActiveCfg = Debug|Any CPU
		{1C8B51E8-B811-434E-8763-EF7273E86135}.Ad-Hoc|iPhoneSimulator.Build.0 = Debug|Any CPU
		{1C8B51E8-B811-434E-8763-EF7273E86135}.Ad-Hoc|x64.ActiveCfg = Debug|Any CPU
		{1C8B51E8-B811-434E-8763-EF7273E86135}.Ad-Hoc|x64.Build.0 = Debug|Any CPU
		{1C8B51E8-B811-434E-8763-EF7273E86135}.Ad-Hoc|x86.ActiveCfg = Debug|Any CPU
		{1C8B51E8-B811-434E-8763-EF7273E86135}.Ad-Hoc|x86.Build.0 = Debug|Any CPU
		{1C8B51E8-B811-434E-8763-EF7273E86135}.AppStore|Any CPU.ActiveCfg = Debug|Any CPU
		{1C8B51E8-B811-434E-8763-EF7273E86135}.AppStore|Any CPU.Build.0 = Debug|Any CPU
		{1C8B51E8-B811-434E-8763-EF7273E86135}.AppStore|ARM.ActiveCfg = Debug|Any CPU
		{1C8B51E8-B811-434E-8763-EF7273E86135}.AppStore|ARM.Build.0 = Debug|Any CPU
		{1C8B51E8-B811-434E-8763-EF7273E86135}.AppStore|iPhone.ActiveCfg = Debug|Any CPU
		{1C8B51E8-B811-434E-8763-EF7273E86135}.AppStore|iPhone.Build.0 = Debug|Any CPU
		{1C8B51E8-B811-434E-8763-EF7273E86135}.AppStore|iPhoneSimulator.ActiveCfg = Debug|Any CPU
		{1C8B51E8-B811-434E-8763-EF7273E86135}.AppStore|iPhoneSimulator.Build.0 = Debug|Any CPU
		{1C8B51E8-B811-434E-8763-EF7273E86135}.AppStore|x64.ActiveCfg = Debug|Any CPU
		{1C8B51E8-B811-434E-8763-EF7273E86135}.AppStore|x64.Build.0 = Debug|Any CPU
		{1C8B51E8-B811-434E-8763-EF7273E86135}.AppStore|x86.ActiveCfg = Debug|Any CPU
		{1C8B51E8-B811-434E-8763-EF7273E86135}.AppStore|x86.Build.0 = Debug|Any CPU
		{1C8B51E8-B811-434E-8763-EF7273E86135}.Debug|Any CPU.ActiveCfg = Debug|Any CPU
		{1C8B51E8-B811-434E-8763-EF7273E86135}.Debug|Any CPU.Build.0 = Debug|Any CPU
		{1C8B51E8-B811-434E-8763-EF7273E86135}.Debug|ARM.ActiveCfg = Debug|Any CPU
		{1C8B51E8-B811-434E-8763-EF7273E86135}.Debug|ARM.Build.0 = Debug|Any CPU
		{1C8B51E8-B811-434E-8763-EF7273E86135}.Debug|iPhone.ActiveCfg = Debug|Any CPU
		{1C8B51E8-B811-434E-8763-EF7273E86135}.Debug|iPhone.Build.0 = Debug|Any CPU
		{1C8B51E8-B811-434E-8763-EF7273E86135}.Debug|iPhoneSimulator.ActiveCfg = Debug|Any CPU
		{1C8B51E8-B811-434E-8763-EF7273E86135}.Debug|iPhoneSimulator.Build.0 = Debug|Any CPU
		{1C8B51E8-B811-434E-8763-EF7273E86135}.Debug|x64.ActiveCfg = Debug|Any CPU
		{1C8B51E8-B811-434E-8763-EF7273E86135}.Debug|x64.Build.0 = Debug|Any CPU
		{1C8B51E8-B811-434E-8763-EF7273E86135}.Debug|x86.ActiveCfg = Debug|Any CPU
		{1C8B51E8-B811-434E-8763-EF7273E86135}.Debug|x86.Build.0 = Debug|Any CPU
		{1C8B51E8-B811-434E-8763-EF7273E86135}.Release|Any CPU.ActiveCfg = Release|Any CPU
		{1C8B51E8-B811-434E-8763-EF7273E86135}.Release|Any CPU.Build.0 = Release|Any CPU
		{1C8B51E8-B811-434E-8763-EF7273E86135}.Release|ARM.ActiveCfg = Release|Any CPU
		{1C8B51E8-B811-434E-8763-EF7273E86135}.Release|ARM.Build.0 = Release|Any CPU
		{1C8B51E8-B811-434E-8763-EF7273E86135}.Release|iPhone.ActiveCfg = Release|Any CPU
		{1C8B51E8-B811-434E-8763-EF7273E86135}.Release|iPhone.Build.0 = Release|Any CPU
		{1C8B51E8-B811-434E-8763-EF7273E86135}.Release|iPhoneSimulator.ActiveCfg = Release|Any CPU
		{1C8B51E8-B811-434E-8763-EF7273E86135}.Release|iPhoneSimulator.Build.0 = Release|Any CPU
		{1C8B51E8-B811-434E-8763-EF7273E86135}.Release|x64.ActiveCfg = Release|Any CPU
		{1C8B51E8-B811-434E-8763-EF7273E86135}.Release|x64.Build.0 = Release|Any CPU
		{1C8B51E8-B811-434E-8763-EF7273E86135}.Release|x86.ActiveCfg = Release|Any CPU
		{1C8B51E8-B811-434E-8763-EF7273E86135}.Release|x86.Build.0 = Release|Any CPU
		{8BE66106-7DAC-4E5F-92ED-E1F770AA6981}.Ad-Hoc|Any CPU.ActiveCfg = Release|Any CPU
		{8BE66106-7DAC-4E5F-92ED-E1F770AA6981}.Ad-Hoc|Any CPU.Build.0 = Release|Any CPU
		{8BE66106-7DAC-4E5F-92ED-E1F770AA6981}.Ad-Hoc|ARM.ActiveCfg = Release|Any CPU
		{8BE66106-7DAC-4E5F-92ED-E1F770AA6981}.Ad-Hoc|ARM.Build.0 = Release|Any CPU
		{8BE66106-7DAC-4E5F-92ED-E1F770AA6981}.Ad-Hoc|iPhone.ActiveCfg = Release|Any CPU
		{8BE66106-7DAC-4E5F-92ED-E1F770AA6981}.Ad-Hoc|iPhone.Build.0 = Release|Any CPU
		{8BE66106-7DAC-4E5F-92ED-E1F770AA6981}.Ad-Hoc|iPhoneSimulator.ActiveCfg = Release|Any CPU
		{8BE66106-7DAC-4E5F-92ED-E1F770AA6981}.Ad-Hoc|iPhoneSimulator.Build.0 = Release|Any CPU
		{8BE66106-7DAC-4E5F-92ED-E1F770AA6981}.Ad-Hoc|x64.ActiveCfg = Release|Any CPU
		{8BE66106-7DAC-4E5F-92ED-E1F770AA6981}.Ad-Hoc|x64.Build.0 = Release|Any CPU
		{8BE66106-7DAC-4E5F-92ED-E1F770AA6981}.Ad-Hoc|x86.ActiveCfg = Release|Any CPU
		{8BE66106-7DAC-4E5F-92ED-E1F770AA6981}.Ad-Hoc|x86.Build.0 = Release|Any CPU
		{8BE66106-7DAC-4E5F-92ED-E1F770AA6981}.AppStore|Any CPU.ActiveCfg = Release|Any CPU
		{8BE66106-7DAC-4E5F-92ED-E1F770AA6981}.AppStore|Any CPU.Build.0 = Release|Any CPU
		{8BE66106-7DAC-4E5F-92ED-E1F770AA6981}.AppStore|ARM.ActiveCfg = Release|Any CPU
		{8BE66106-7DAC-4E5F-92ED-E1F770AA6981}.AppStore|ARM.Build.0 = Release|Any CPU
		{8BE66106-7DAC-4E5F-92ED-E1F770AA6981}.AppStore|iPhone.ActiveCfg = Release|Any CPU
		{8BE66106-7DAC-4E5F-92ED-E1F770AA6981}.AppStore|iPhone.Build.0 = Release|Any CPU
		{8BE66106-7DAC-4E5F-92ED-E1F770AA6981}.AppStore|iPhoneSimulator.ActiveCfg = Release|Any CPU
		{8BE66106-7DAC-4E5F-92ED-E1F770AA6981}.AppStore|iPhoneSimulator.Build.0 = Release|Any CPU
		{8BE66106-7DAC-4E5F-92ED-E1F770AA6981}.AppStore|x64.ActiveCfg = Release|Any CPU
		{8BE66106-7DAC-4E5F-92ED-E1F770AA6981}.AppStore|x64.Build.0 = Release|Any CPU
		{8BE66106-7DAC-4E5F-92ED-E1F770AA6981}.AppStore|x86.ActiveCfg = Release|Any CPU
		{8BE66106-7DAC-4E5F-92ED-E1F770AA6981}.AppStore|x86.Build.0 = Release|Any CPU
		{8BE66106-7DAC-4E5F-92ED-E1F770AA6981}.Debug|Any CPU.ActiveCfg = Debug|Any CPU
		{8BE66106-7DAC-4E5F-92ED-E1F770AA6981}.Debug|Any CPU.Build.0 = Debug|Any CPU
		{8BE66106-7DAC-4E5F-92ED-E1F770AA6981}.Debug|ARM.ActiveCfg = Debug|Any CPU
		{8BE66106-7DAC-4E5F-92ED-E1F770AA6981}.Debug|ARM.Build.0 = Debug|Any CPU
		{8BE66106-7DAC-4E5F-92ED-E1F770AA6981}.Debug|iPhone.ActiveCfg = Debug|Any CPU
		{8BE66106-7DAC-4E5F-92ED-E1F770AA6981}.Debug|iPhone.Build.0 = Debug|Any CPU
		{8BE66106-7DAC-4E5F-92ED-E1F770AA6981}.Debug|iPhoneSimulator.ActiveCfg = Debug|Any CPU
		{8BE66106-7DAC-4E5F-92ED-E1F770AA6981}.Debug|iPhoneSimulator.Build.0 = Debug|Any CPU
		{8BE66106-7DAC-4E5F-92ED-E1F770AA6981}.Debug|x64.ActiveCfg = Debug|Any CPU
		{8BE66106-7DAC-4E5F-92ED-E1F770AA6981}.Debug|x64.Build.0 = Debug|Any CPU
		{8BE66106-7DAC-4E5F-92ED-E1F770AA6981}.Debug|x86.ActiveCfg = Debug|Any CPU
		{8BE66106-7DAC-4E5F-92ED-E1F770AA6981}.Debug|x86.Build.0 = Debug|Any CPU
		{8BE66106-7DAC-4E5F-92ED-E1F770AA6981}.Release|Any CPU.ActiveCfg = Release|Any CPU
		{8BE66106-7DAC-4E5F-92ED-E1F770AA6981}.Release|Any CPU.Build.0 = Release|Any CPU
		{8BE66106-7DAC-4E5F-92ED-E1F770AA6981}.Release|ARM.ActiveCfg = Release|Any CPU
		{8BE66106-7DAC-4E5F-92ED-E1F770AA6981}.Release|ARM.Build.0 = Release|Any CPU
		{8BE66106-7DAC-4E5F-92ED-E1F770AA6981}.Release|iPhone.ActiveCfg = Release|Any CPU
		{8BE66106-7DAC-4E5F-92ED-E1F770AA6981}.Release|iPhone.Build.0 = Release|Any CPU
		{8BE66106-7DAC-4E5F-92ED-E1F770AA6981}.Release|iPhoneSimulator.ActiveCfg = Release|Any CPU
		{8BE66106-7DAC-4E5F-92ED-E1F770AA6981}.Release|iPhoneSimulator.Build.0 = Release|Any CPU
		{8BE66106-7DAC-4E5F-92ED-E1F770AA6981}.Release|x64.ActiveCfg = Release|Any CPU
		{8BE66106-7DAC-4E5F-92ED-E1F770AA6981}.Release|x64.Build.0 = Release|Any CPU
		{8BE66106-7DAC-4E5F-92ED-E1F770AA6981}.Release|x86.ActiveCfg = Release|Any CPU
		{8BE66106-7DAC-4E5F-92ED-E1F770AA6981}.Release|x86.Build.0 = Release|Any CPU
	EndGlobalSection
	GlobalSection(SolutionProperties) = preSolution
		HideSolutionNode = FALSE
	EndGlobalSection
	GlobalSection(NestedProjects) = preSolution
		{152D15AE-8965-4D62-998E-A72D7BAEB20F} = {DA2286F0-2C86-451B-8B3B-9A8206E4B2B1}
		{EF9C059B-9225-4892-8121-D2E3472C6431} = {DA2286F0-2C86-451B-8B3B-9A8206E4B2B1}
		{1C8B51E8-B811-434E-8763-EF7273E86135} = {DA2286F0-2C86-451B-8B3B-9A8206E4B2B1}
		{8BE66106-7DAC-4E5F-92ED-E1F770AA6981} = {023F1EE2-8DEC-4C01-922D-78631006C1C3}
	EndGlobalSection
	GlobalSection(ExtensibilityGlobals) = postSolution
		SolutionGuid = {545E65CC-E15C-48CB-94D1-5E42772C7669}
	EndGlobalSection
EndGlobal
